
Microsoft Visual Studio Solution File, Format Version 12.00
# Visual Studio 15
VisualStudioVersion = 15.0.28307.421
MinimumVisualStudioVersion = 10.0.40219.1
Project("{FAE04EC0-301F-11D3-BF4B-00C04F79EFBC}") = "HighOrLow", "HighOrLow\HighOrLow.csproj", "{FD099E01-A459-4578-9D3C-44CFE9837798}"
EndProject
Global
	GlobalSection(SolutionConfigurationPlatforms) = preSolution
		Debug|Any CPU = Debug|Any CPU
		Release|Any CPU = Release|Any CPU
	EndGlobalSection
	GlobalSection(ProjectConfigurationPlatforms) = postSolution
		{FD099E01-A459-4578-9D3C-44CFE9837798}.Debug|Any CPU.ActiveCfg = Debug|Any CPU
		{FD099E01-A459-4578-9D3C-44CFE9837798}.Debug|Any CPU.Build.0 = Debug|Any CPU
		{FD099E01-A459-4578-9D3C-44CFE9837798}.Release|Any CPU.ActiveCfg = Release|Any CPU
		{FD099E01-A459-4578-9D3C-44CFE9837798}.Release|Any CPU.Build.0 = Release|Any CPU
	EndGlobalSection
	GlobalSection(SolutionProperties) = preSolution
		HideSolutionNode = FALSE
	EndGlobalSection
	GlobalSection(ExtensibilityGlobals) = postSolution
		SolutionGuid = {69A7CF63-4A29-4F03-8194-98C3EDE764F2}
	EndGlobalSection
EndGlobal
